Microsoft Visual Studio Solution File, Format Version 9.00
# Visual Studio 2005
Project("{2150E333-8FDC-42A3-9474-1A3956D46DE8}") = "(test)", ".", "{62D1E309-C69B-EEB9-F250-955F10E34BEB}"
EndProject
Project("{8BC9CEB8-8B4A-11D0-8D11-00A0C91BC942}") = "libuv", "..\libuv.vcproj", "{2A409EF4-5910-B09A-AD8F-F245B9095CE5}"
EndProject
Project("{8BC9CEB8-8B4A-11D0-8D11-00A0C91BC942}") = "run-benchmarks", "run-benchmarks.vcproj", "{09AA42DD-EBEC-2E68-4D0B-995C430E0CE9}"
	ProjectSection(ProjectDependencies) = postProject
		{2A409EF4-5910-B09A-AD8F-F245B9095CE5} = {2A409EF4-5910-B09A-AD8F-F245B9095CE5}
	EndProjectSection
EndProject
Project("{8BC9CEB8-8B4A-11D0-8D11-00A0C91BC942}") = "run-tests", "run-tests.vcproj", "{D5CC5450-072D-909F-528E-238EB075D491}"
	ProjectSection(ProjectDependencies) = postProject
		{2A409EF4-5910-B09A-AD8F-F245B9095CE5} = {2A409EF4-5910-B09A-AD8F-F245B9095CE5}
	EndProjectSection
EndProject
Global
	GlobalSection(SolutionConfigurationPlatforms) = preSolution
		Debug|Win32 = Debug|Win32
		Release|Win32 = Release|Win32
	EndGlobalSection
	GlobalSection(ProjectConfigurationPlatforms) = postSolution
		{09AA42DD-EBEC-2E68-4D0B-995C430E0CE9}.Debug|Win32.ActiveCfg = Debug|Win32
		{09AA42DD-EBEC-2E68-4D0B-995C430E0CE9}.Debug|Win32.Build.0 = Debug|Win32
		{09AA42DD-EBEC-2E68-4D0B-995C430E0CE9}.Release|Win32.ActiveCfg = Release|Win32
		{09AA42DD-EBEC-2E68-4D0B-995C430E0CE9}.Release|Win32.Build.0 = Release|Win32
		{2A409EF4-5910-B09A-AD8F-F245B9095CE5}.Debug|Win32.ActiveCfg = Debug|Win32
		{2A409EF4-5910-B09A-AD8F-F245B9095CE5}.Debug|Win32.Build.0 = Debug|Win32
		{2A409EF4-5910-B09A-AD8F-F245B9095CE5}.Release|Win32.ActiveCfg = Release|Win32
		{2A409EF4-5910-B09A-AD8F-F245B9095CE5}.Release|Win32.Build.0 = Release|Win32
		{D5CC5450-072D-909F-528E-238EB075D491}.Debug|Win32.ActiveCfg = Debug|Win32
		{D5CC5450-072D-909F-528E-238EB075D491}.Debug|Win32.Build.0 = Debug|Win32
		{D5CC5450-072D-909F-528E-238EB075D491}.Release|Win32.ActiveCfg = Release|Win32
		{D5CC5450-072D-909F-528E-238EB075D491}.Release|Win32.Build.0 = Release|Win32
	EndGlobalSection
	GlobalSection(SolutionProperties) = preSolution
		HideSolutionNode = FALSE
	EndGlobalSection
	GlobalSection(NestedProjects) = preSolution
		{09AA42DD-EBEC-2E68-4D0B-995C430E0CE9} = {62D1E309-C69B-EEB9-F250-955F10E34BEB}
		{D5CC5450-072D-909F-528E-238EB075D491} = {62D1E309-C69B-EEB9-F250-955F10E34BEB}
	EndGlobalSection
EndGlobal
