<?xml version="1.0" encoding="utf-8"?>
<Project ToolsVersion="4.0" xmlns="http://schemas.microsoft.com/developer/msbuild/2003">
  <ItemGroup>
    <Filter Include="资源文件">
      <UniqueIdentifier>{67DA6AB6-F800-4c08-8B7A-83BB121AAD01}</UniqueIdentifier>
      <Extensions>rc;ico;cur;bmp;dlg;rc2;rct;bin;rgs;gif;jpg;jpeg;jpe;resx;tiff;tif;png;wav;mfcribbon-ms</Extensions>
    </Filter>
    <Filter Include="include">
      <UniqueIdentifier>{9b93f1af-ce13-49d4-b99d-cb92ce1a046e}</UniqueIdentifier>
    </Filter>
    <Filter Include="src">
      <UniqueIdentifier>{22c529a1-49f2-459f-99c6-35216a9f8c8a}</UniqueIdentifier>
    </Filter>
  </ItemGroup>
  <ItemGroup>
    <ClInclude Include="..\include\membuf.h">
      <Filter>include</Filter>
    </ClInclude>
    <ClInclude Include="..\include\manager_template.h">
      <Filter>include</Filter>
    </ClInclude>
    <ClInclude Include="..\include\timer.h">
      <Filter>include</Filter>
    </ClInclude>
    <ClInclude Include="..\include\url_cmd_manager.h">
      <Filter>include</Filter>
    </ClInclude>
    <ClInclude Include="..\include\cmd.h">
      <Filter>include</Filter>
    </ClInclude>
    <ClInclude Include="..\include\http_callback.h">
      <Filter>include</Filter>
    </ClInclude>
    <ClInclude Include="..\include\http_client_session_manager.h">
      <Filter>include</Filter>
    </ClInclude>
    <ClInclude Include="..\include\http_server.h">
      <Filter>include</Filter>
    </ClInclude>
    <ClInclude Include="..\include\http_server_manager.h">
      <Filter>include</Filter>
    </ClInclude>
    <ClInclude Include="..\include\http_util.h">
      <Filter>include</Filter>
    </ClInclude>
    <ClInclude Include="..\include\http_util_def.h">
      <Filter>include</Filter>
    </ClInclude>
    <ClInclude Include="..\include\message_loop.h">
      <Filter>include</Filter>
    </ClInclude>
  </ItemGroup>
  <ItemGroup>
    <ClCompile Include="..\src\main.cc">
      <Filter>src</Filter>
    </ClCompile>
    <ClCompile Include="..\src\membuf.cc">
      <Filter>src</Filter>
    </ClCompile>
    <ClCompile Include="..\src\url_cmd_manager.cc">
      <Filter>src</Filter>
    </ClCompile>
    <ClCompile Include="..\src\cmd.cc">
      <Filter>src</Filter>
    </ClCompile>
    <ClCompile Include="..\src\http_callback.cc">
      <Filter>src</Filter>
    </ClCompile>
    <ClCompile Include="..\src\http_client_session_manager.cc">
      <Filter>src</Filter>
    </ClCompile>
    <ClCompile Include="..\src\http_server.cc">
      <Filter>src</Filter>
    </ClCompile>
    <ClCompile Include="..\src\http_server_manager.cc">
      <Filter>src</Filter>
    </ClCompile>
    <ClCompile Include="..\src\http_util.cc">
      <Filter>src</Filter>
    </ClCompile>
    <ClCompile Include="..\src\message_loop.cc">
      <Filter>src</Filter>
    </ClCompile>
  </ItemGroup>
</Project>